
Microsoft Visual Studio Solution File, Format Version 12.00
# Visual Studio Version 17
VisualStudioVersion = 17.5.33424.131
MinimumVisualStudioVersion = 10.0.40219.1
Project("{FAE04EC0-301F-11D3-BF4B-00C04F79EFBC}") = "PortfolioApi", "PortfolioApi\PortfolioApi.csproj", "{800D2DFE-970C-4365-8AF1-B33521EB8A18}"
EndProject
Project("{FAE04EC0-301F-11D3-BF4B-00C04F79EFBC}") = "PortfolioApiTest", "PortfolioApiTest\PortfolioApiTest.csproj", "{05168130-8EF4-40ED-A581-4C7D0A59411A}"
EndProject
Global
	GlobalSection(SolutionConfigurationPlatforms) = preSolution
		Debug|Any CPU = Debug|Any CPU
		Release|Any CPU = Release|Any CPU
	EndGlobalSection
	GlobalSection(ProjectConfigurationPlatforms) = postSolution
		{800D2DFE-970C-4365-8AF1-B33521EB8A18}.Debug|Any CPU.ActiveCfg = Debug|Any CPU
		{800D2DFE-970C-4365-8AF1-B33521EB8A18}.Debug|Any CPU.Build.0 = Debug|Any CPU
		{800D2DFE-970C-4365-8AF1-B33521EB8A18}.Release|Any CPU.ActiveCfg = Release|Any CPU
		{800D2DFE-970C-4365-8AF1-B33521EB8A18}.Release|Any CPU.Build.0 = Release|Any CPU
		{05168130-8EF4-40ED-A581-4C7D0A59411A}.Debug|Any CPU.ActiveCfg = Debug|Any CPU
		{05168130-8EF4-40ED-A581-4C7D0A59411A}.Debug|Any CPU.Build.0 = Debug|Any CPU
		{05168130-8EF4-40ED-A581-4C7D0A59411A}.Release|Any CPU.ActiveCfg = Release|Any CPU
		{05168130-8EF4-40ED-A581-4C7D0A59411A}.Release|Any CPU.Build.0 = Release|Any CPU
	EndGlobalSection
	GlobalSection(SolutionProperties) = preSolution
		HideSolutionNode = FALSE
	EndGlobalSection
	GlobalSection(ExtensibilityGlobals) = postSolution
		SolutionGuid = {4519D8B1-A81C-4199-B5EF-2B97B99F0C91}
	EndGlobalSection
EndGlobal
